<?xml version="1.0" encoding="utf-8"?>
<Project ToolsVersion="4.0" xmlns="http://schemas.microsoft.com/developer/msbuild/2003">
  <ItemGroup>
    <Filter Include="File di origine">
      <UniqueIdentifier>{4FC737F1-C7A5-4376-A066-2A32D752A2FF}</UniqueIdentifier>
      <Extensions>cpp;c;cc;cxx;c++;cppm;ixx;def;odl;idl;hpj;bat;asm;asmx</Extensions>
    </Filter>
    <Filter Include="File di intestazione">
      <UniqueIdentifier>{93995380-89BD-4b04-88EB-625FBE52EBFB}</UniqueIdentifier>
      <Extensions>h;hh;hpp;hxx;h++;hm;inl;inc;ipp;xsd</Extensions>
    </Filter>
    <Filter Include="File di risorse">
      <UniqueIdentifier>{67DA6AB6-F800-4c08-8B7A-83BB121AAD01}</UniqueIdentifier>
      <Extensions>rc;ico;cur;bmp;dlg;rc2;rct;bin;rgs;gif;jpg;jpeg;jpe;resx;tiff;tif;png;wav;mfcribbon-ms</Extensions>
    </Filter>
  </ItemGroup>
  <ItemGroup>
    <ClCompile Include="cpp\AoC10_20.cpp">
      <Filter>File di origine</Filter>
    </ClCompile>
    <ClCompile Include="cpp\AoC11_20.cpp">
      <Filter>File di origine</Filter>
    </ClCompile>
    <ClCompile Include="cpp\AoC12_20.cpp">
      <Filter>File di origine</Filter>
    </ClCompile>
    <ClCompile Include="cpp\AoC13_20.cpp">
      <Filter>File di origine</Filter>
    </ClCompile>
    <ClCompile Include="cpp\AoC14_20.cpp">
      <Filter>File di origine</Filter>
    </ClCompile>
    <ClCompile Include="cpp\AoC15_20.cpp">
      <Filter>File di origine</Filter>
    </ClCompile>
    <ClCompile Include="cpp\AoC16_20.cpp">
      <Filter>File di origine</Filter>
    </ClCompile>
    <ClCompile Include="cpp\AoC17_20.cpp">
      <Filter>File di origine</Filter>
    </ClCompile>
    <ClCompile Include="cpp\AoC18_20.cpp">
      <Filter>File di origine</Filter>
    </ClCompile>
    <ClCompile Include="cpp\AoC19_20.cpp">
      <Filter>File di origine</Filter>
    </ClCompile>
    <ClCompile Include="cpp\AoC20_20.cpp">
      <Filter>File di origine</Filter>
    </ClCompile>
    <ClCompile Include="cpp\AoC21_20.cpp">
      <Filter>File di origine</Filter>
    </ClCompile>
    <ClCompile Include="cpp\AoC22_20.cpp">
      <Filter>File di origine</Filter>
    </ClCompile>
    <ClCompile Include="cpp\AoC23_20.cpp">
      <Filter>File di origine</Filter>
    </ClCompile>
    <ClCompile Include="cpp\AoC24_20.cpp">
      <Filter>File di origine</Filter>
    </ClCompile>
    <ClCompile Include="cpp\AoC25_20.cpp">
      <Filter>File di origine</Filter>
    </ClCompile>
    <ClCompile Include="cpp\main_AoC20.cpp">
      <Filter>File di origine</Filter>
    </ClCompile>
    <ClCompile Include="cpp\smmComplex.cpp">
      <Filter>File di origine</Filter>
    </ClCompile>
    <ClCompile Include="cpp\smmComuni.cpp">
      <Filter>File di origine</Filter>
    </ClCompile>
    <ClCompile Include="cpp\smmConsts.cpp">
      <Filter>File di origine</Filter>
    </ClCompile>
    <ClCompile Include="cpp\smmMatrix.cpp">
      <Filter>File di origine</Filter>
    </ClCompile>
    <ClCompile Include="cpp\smmPuzzle.cpp">
      <Filter>File di origine</Filter>
    </ClCompile>
    <ClCompile Include="cpp\TreD_string.cpp">
      <Filter>File di origine</Filter>
    </ClCompile>
    <ClCompile Include="cpp\AoC01_20.cpp">
      <Filter>File di origine</Filter>
    </ClCompile>
    <ClCompile Include="cpp\AoC02_20.cpp">
      <Filter>File di origine</Filter>
    </ClCompile>
    <ClCompile Include="cpp\AoC03_20.cpp">
      <Filter>File di origine</Filter>
    </ClCompile>
    <ClCompile Include="cpp\AoC04_20.cpp">
      <Filter>File di origine</Filter>
    </ClCompile>
    <ClCompile Include="cpp\AoC05_20.cpp">
      <Filter>File di origine</Filter>
    </ClCompile>
    <ClCompile Include="cpp\AoC06_20.cpp">
      <Filter>File di origine</Filter>
    </ClCompile>
    <ClCompile Include="cpp\AoC07_20.cpp">
      <Filter>File di origine</Filter>
    </ClCompile>
    <ClCompile Include="cpp\AoC08_20.cpp">
      <Filter>File di origine</Filter>
    </ClCompile>
    <ClCompile Include="cpp\AoC09_20.cpp">
      <Filter>File di origine</Filter>
    </ClCompile>
  </ItemGroup>
  <ItemGroup>
    <ClInclude Include="hpp\AoC20.hpp">
      <Filter>File di intestazione</Filter>
    </ClInclude>
    <ClInclude Include="hpp\nDim_string.hpp">
      <Filter>File di intestazione</Filter>
    </ClInclude>
    <ClInclude Include="hpp\smmComplex.hpp">
      <Filter>File di intestazione</Filter>
    </ClInclude>
    <ClInclude Include="hpp\smmComuni.hpp">
      <Filter>File di intestazione</Filter>
    </ClInclude>
    <ClInclude Include="hpp\smmConsts.hpp">
      <Filter>File di intestazione</Filter>
    </ClInclude>
    <ClInclude Include="hpp\smmMatrix.hpp">
      <Filter>File di intestazione</Filter>
    </ClInclude>
    <ClInclude Include="hpp\smmPuzzle.hpp">
      <Filter>File di intestazione</Filter>
    </ClInclude>
    <ClInclude Include="hpp\smmTile.hpp">
      <Filter>File di intestazione</Filter>
    </ClInclude>
  </ItemGroup>
  <ItemGroup>
    <Text Include="inp\SeaMonster.txt">
      <Filter>File di risorse</Filter>
    </Text>
    <Text Include="inp\Test10_20.txt">
      <Filter>File di risorse</Filter>
    </Text>
    <Text Include="inp\Test11_20.txt">
      <Filter>File di risorse</Filter>
    </Text>
    <Text Include="inp\Test12_20.txt">
      <Filter>File di risorse</Filter>
    </Text>
    <Text Include="inp\Test13_20.txt">
      <Filter>File di risorse</Filter>
    </Text>
    <Text Include="inp\Test14_20.txt">
      <Filter>File di risorse</Filter>
    </Text>
    <Text Include="inp\Test15_20.txt">
      <Filter>File di risorse</Filter>
    </Text>
    <Text Include="inp\Test16_20.txt">
      <Filter>File di risorse</Filter>
    </Text>
    <Text Include="inp\Test17_20.txt">
      <Filter>File di risorse</Filter>
    </Text>
    <Text Include="inp\Test18_20.txt">
      <Filter>File di risorse</Filter>
    </Text>
    <Text Include="inp\Test19_20.txt">
      <Filter>File di risorse</Filter>
    </Text>
    <Text Include="inp\Test20_20.txt">
      <Filter>File di risorse</Filter>
    </Text>
    <Text Include="inp\Test21_20.txt">
      <Filter>File di risorse</Filter>
    </Text>
    <Text Include="inp\Test22_20.txt">
      <Filter>File di risorse</Filter>
    </Text>
    <Text Include="inp\Test24_20.txt">
      <Filter>File di risorse</Filter>
    </Text>
    <Text Include="inp\Test01_20.txt">
      <Filter>File di risorse</Filter>
    </Text>
    <Text Include="inp\Test02_20.txt">
      <Filter>File di risorse</Filter>
    </Text>
    <Text Include="inp\Test03_20.txt">
      <Filter>File di risorse</Filter>
    </Text>
    <Text Include="inp\Test04_20.txt">
      <Filter>File di risorse</Filter>
    </Text>
    <Text Include="inp\Test05_20.txt">
      <Filter>File di risorse</Filter>
    </Text>
    <Text Include="inp\Test06_20.txt">
      <Filter>File di risorse</Filter>
    </Text>
    <Text Include="inp\Test07_20.txt">
      <Filter>File di risorse</Filter>
    </Text>
    <Text Include="inp\Test08_20.txt">
      <Filter>File di risorse</Filter>
    </Text>
    <Text Include="inp\Test09_20.txt">
      <Filter>File di risorse</Filter>
    </Text>
  </ItemGroup>
</Project>